// !$*UTF8*$!
{
	archiveVersion = 1;
	classes = {
	};
	objectVersion = 50;
	objects = {

/* Begin PBXBuildFile section */
		BB4BC40423625D8C00924616 /* PTEsGroupMembersTableViewCell.swift in Sources */ = {isa = PBXBuildFile; fileRef = BB4BC40323625D8C00924616 /* PTEsGroupMembersTableViewCell.swift */; };
		BBD12CB3235E2904003AFECA /* AppDelegate.swift in Sources */ = {isa = PBXBuildFile; fileRef = BBD12CB2235E2904003AFECA /* AppDelegate.swift */; };
		BBD12CB5235E2904003AFECA /* SceneDelegate.swift in Sources */ = {isa = PBXBuildFile; fileRef = BBD12CB4235E2904003AFECA /* SceneDelegate.swift */; };
		BBD12CB7235E2904003AFECA /* MainFoodViewController.swift in Sources */ = {isa = PBXBuildFile; fileRef = BBD12CB6235E2904003AFECA /* MainFoodViewController.swift */; };
		BBD12CBA235E2904003AFECA /* Main.storyboard in Resources */ = {isa = PBXBuildFile; fileRef = BBD12CB8235E2904003AFECA /* Main.storyboard */; };
		BBD12CBC235E2905003AFECA /* Assets.xcassets in Resources */ = {isa = PBXBuildFile; fileRef = BBD12CBB235E2905003AFECA /* Assets.xcassets */; };
		BBD12CBF235E2905003AFECA /* LaunchScreen.storyboard in Resources */ = {isa = PBXBuildFile; fileRef = BBD12CBD235E2905003AFECA /* LaunchScreen.storyboard */; };
		BBD12CC7235E3D67003AFECA /* PTEsTableViewCell.swift in Sources */ = {isa = PBXBuildFile; fileRef = BBD12CC6235E3D67003AFECA /* PTEsTableViewCell.swift */; };
		BBD12CCA235E3E77003AFECA /* PTEsModel.swift in Sources */ = {isa = PBXBuildFile; fileRef = BBD12CC9235E3E77003AFECA /* PTEsModel.swift */; };
		BBD12CCC235E4540003AFECA /* PTEsDetailViewController.swift in Sources */ = {isa = PBXBuildFile; fileRef = BBD12CCB235E4540003AFECA /* PTEsDetailViewController.swift */; };
		BBD12CCE235E4DCD003AFECA /* PTEsModelController.swift in Sources */ = {isa = PBXBuildFile; fileRef = BBD12CCD235E4DCD003AFECA /* PTEsModelController.swift */; };
		BBD12CD2235E6042003AFECA /* PTEsDatePickerViewController.swift in Sources */ = {isa = PBXBuildFile; fileRef = BBD12CD1235E6042003AFECA /* PTEsDatePickerViewController.swift */; };
		BBD12CD42360C621003AFECA /* GroupMembers.storyboard in Resources */ = {isa = PBXBuildFile; fileRef = BBD12CD32360C621003AFECA /* GroupMembers.storyboard */; };
		BBD12CD92360D1A3003AFECA /* GroupMembersTableViewController.swift in Sources */ = {isa = PBXBuildFile; fileRef = BBD12CD82360D1A3003AFECA /* GroupMembersTableViewController.swift */; };
		BBD12CDD2360D3B0003AFECA /* GroupMembersModelController.swift in Sources */ = {isa = PBXBuildFile; fileRef = BBD12CDC2360D3B0003AFECA /* GroupMembersModelController.swift */; };
		BBD12CDF2360D440003AFECA /* MemberModel.swift in Sources */ = {isa = PBXBuildFile; fileRef = BBD12CDE2360D440003AFECA /* MemberModel.swift */; };
		BBD12CE12360D701003AFECA /* MemberTableViewCell.swift in Sources */ = {isa = PBXBuildFile; fileRef = BBD12CE02360D701003AFECA /* MemberTableViewCell.swift */; };
		BBD12CE32360D863003AFECA /* MemberDetailViewController.swift in Sources */ = {isa = PBXBuildFile; fileRef = BBD12CE22360D863003AFECA /* MemberDetailViewController.swift */; };
/* End PBXBuildFile section */

/* Begin PBXFileReference section */
		BB4BC40323625D8C00924616 /* PTEsGroupMembersTableViewCell.swift */ = {isa = PBXFileReference; lastKnownFileType = sourcecode.swift; path = PTEsGroupMembersTableViewCell.swift; sourceTree = "<group>"; };
		BBD12CAF235E2904003AFECA /* FoodyFriends.app */ = {isa = PBXFileReference; explicitFileType = wrapper.application; includeInIndex = 0; path = FoodyFriends.app; sourceTree = BUILT_PRODUCTS_DIR; };
		BBD12CB2235E2904003AFECA /* AppDelegate.swift */ = {isa = PBXFileReference; lastKnownFileType = sourcecode.swift; path = AppDelegate.swift; sourceTree = "<group>"; };
		BBD12CB4235E2904003AFECA /* SceneDelegate.swift */ = {isa = PBXFileReference; lastKnownFileType = sourcecode.swift; path = SceneDelegate.swift; sourceTree = "<group>"; };
		BBD12CB6235E2904003AFECA /* MainFoodViewController.swift */ = {isa = PBXFileReference; lastKnownFileType = sourcecode.swift; path = MainFoodViewController.swift; sourceTree = "<group>"; };
		BBD12CB9235E2904003AFECA /* Base */ = {isa = PBXFileReference; lastKnownFileType = file.storyboard; name = Base; path = Base.lproj/Main.storyboard; sourceTree = "<group>"; };
		BBD12CBB235E2905003AFECA /* Assets.xcassets */ = {isa = PBXFileReference; lastKnownFileType = folder.assetcatalog; path = Assets.xcassets; sourceTree = "<group>"; };
		BBD12CBE235E2905003AFECA /* Base */ = {isa = PBXFileReference; lastKnownFileType = file.storyboard; name = Base; path = Base.lproj/LaunchScreen.storyboard; sourceTree = "<group>"; };
		BBD12CC0235E2905003AFECA /* Info.plist */ = {isa = PBXFileReference; lastKnownFileType = text.plist.xml; path = Info.plist; sourceTree = "<group>"; };
		BBD12CC6235E3D67003AFECA /* PTEsTableViewCell.swift */ = {isa = PBXFileReference; lastKnownFileType = sourcecode.swift; path = PTEsTableViewCell.swift; sourceTree = "<group>"; };
		BBD12CC9235E3E77003AFECA /* PTEsModel.swift */ = {isa = PBXFileReference; lastKnownFileType = sourcecode.swift; path = PTEsModel.swift; sourceTree = "<group>"; };
		BBD12CCB235E4540003AFECA /* PTEsDetailViewController.swift */ = {isa = PBXFileReference; lastKnownFileType = sourcecode.swift; path = PTEsDetailViewController.swift; sourceTree = "<group>"; };
		BBD12CCD235E4DCD003AFECA /* PTEsModelController.swift */ = {isa = PBXFileReference; lastKnownFileType = sourcecode.swift; path = PTEsModelController.swift; sourceTree = "<group>"; };
		BBD12CD1235E6042003AFECA /* PTEsDatePickerViewController.swift */ = {isa = PBXFileReference; lastKnownFileType = sourcecode.swift; path = PTEsDatePickerViewController.swift; sourceTree = "<group>"; };
		BBD12CD32360C621003AFECA /* GroupMembers.storyboard */ = {isa = PBXFileReference; lastKnownFileType = file.storyboard; path = GroupMembers.storyboard; sourceTree = "<group>"; };
		BBD12CD82360D1A3003AFECA /* GroupMembersTableViewController.swift */ = {isa = PBXFileReference; lastKnownFileType = sourcecode.swift; path = GroupMembersTableViewController.swift; sourceTree = "<group>"; };
		BBD12CDC2360D3B0003AFECA /* GroupMembersModelController.swift */ = {isa = PBXFileReference; lastKnownFileType = sourcecode.swift; path = GroupMembersModelController.swift; sourceTree = "<group>"; };
		BBD12CDE2360D440003AFECA /* MemberModel.swift */ = {isa = PBXFileReference; lastKnownFileType = sourcecode.swift; path = MemberModel.swift; sourceTree = "<group>"; };
		BBD12CE02360D701003AFECA /* MemberTableViewCell.swift */ = {isa = PBXFileReference; lastKnownFileType = sourcecode.swift; name = MemberTableViewCell.swift; path = FoodyFriends/TableViewCells/MemberTableViewCell.swift; sourceTree = SOURCE_ROOT; };
		BBD12CE22360D863003AFECA /* MemberDetailViewController.swift */ = {isa = PBXFileReference; lastKnownFileType = sourcecode.swift; name = MemberDetailViewController.swift; path = "FoodyFriends/View Controllers/MemberDetailViewController.swift"; sourceTree = SOURCE_ROOT; };
/* End PBXFileReference section */

/* Begin PBXFrameworksBuildPhase section */
		BBD12CAC235E2904003AFECA /* Frameworks */ = {
			isa = PBXFrameworksBuildPhase;
			buildActionMask = 2147483647;
			files = (
			);
			runOnlyForDeploymentPostprocessing = 0;
		};
/* End PBXFrameworksBuildPhase section */

/* Begin PBXGroup section */
		BB4BC40523625E3200924616 /* TableViewCells */ = {
			isa = PBXGroup;
			children = (
				BBD12CC6235E3D67003AFECA /* PTEsTableViewCell.swift */,
				BB4BC40323625D8C00924616 /* PTEsGroupMembersTableViewCell.swift */,
				BBD12CE02360D701003AFECA /* MemberTableViewCell.swift */,
			);
			path = TableViewCells;
			sourceTree = "<group>";
		};
		BBD12CA6235E2904003AFECA = {
			isa = PBXGroup;
			children = (
				BBD12CB1235E2904003AFECA /* FoodyFriends */,
				BBD12CB0235E2904003AFECA /* Products */,
			);
			sourceTree = "<group>";
		};
		BBD12CB0235E2904003AFECA /* Products */ = {
			isa = PBXGroup;
			children = (
				BBD12CAF235E2904003AFECA /* FoodyFriends.app */,
			);
			name = Products;
			sourceTree = "<group>";
		};
		BBD12CB1235E2904003AFECA /* FoodyFriends */ = {
			isa = PBXGroup;
			children = (
				BBD12CB2235E2904003AFECA /* AppDelegate.swift */,
				BBD12CB4235E2904003AFECA /* SceneDelegate.swift */,
				BBD12CC8235E3D6E003AFECA /* View Controllers */,
				BBD12CCF235E4FCF003AFECA /* Model Controllers */,
				BBD12CD0235E4FE4003AFECA /* Models */,
				BB4BC40523625E3200924616 /* TableViewCells */,
				BBD12CD52360C62B003AFECA /* Storyboards */,
				BBD12CBB235E2905003AFECA /* Assets.xcassets */,
				BBD12CBD235E2905003AFECA /* LaunchScreen.storyboard */,
				BBD12CC0235E2905003AFECA /* Info.plist */,
			);
			path = FoodyFriends;
			sourceTree = "<group>";
		};
		BBD12CC8235E3D6E003AFECA /* View Controllers */ = {
			isa = PBXGroup;
			children = (
				BBD12CD1235E6042003AFECA /* PTEsDatePickerViewController.swift */,
				BBD12CB6235E2904003AFECA /* MainFoodViewController.swift */,
				BBD12CCB235E4540003AFECA /* PTEsDetailViewController.swift */,
				BBD12CD82360D1A3003AFECA /* GroupMembersTableViewController.swift */,
				BBD12CE22360D863003AFECA /* MemberDetailViewController.swift */,
			);
			path = "View Controllers";
			sourceTree = "<group>";
		};
		BBD12CCF235E4FCF003AFECA /* Model Controllers */ = {
			isa = PBXGroup;
			children = (
				BBD12CCD235E4DCD003AFECA /* PTEsModelController.swift */,
				BBD12CDC2360D3B0003AFECA /* GroupMembersModelController.swift */,
			);
			path = "Model Controllers";
			sourceTree = "<group>";
		};
		BBD12CD0235E4FE4003AFECA /* Models */ = {
			isa = PBXGroup;
			children = (
				BBD12CC9235E3E77003AFECA /* PTEsModel.swift */,
				BBD12CDE2360D440003AFECA /* MemberModel.swift */,
			);
			path = Models;
			sourceTree = "<group>";
		};
		BBD12CD52360C62B003AFECA /* Storyboards */ = {
			isa = PBXGroup;
			children = (
				BBD12CB8235E2904003AFECA /* Main.storyboard */,
				BBD12CD32360C621003AFECA /* GroupMembers.storyboard */,
			);
			path = Storyboards;
			sourceTree = "<group>";
		};
/* End PBXGroup section */

/* Begin PBXNativeTarget section */
		BBD12CAE235E2904003AFECA /* FoodyFriends */ = {
			isa = PBXNativeTarget;
			buildConfigurationList = BBD12CC3235E2905003AFECA /* Build configuration list for PBXNativeTarget "FoodyFriends" */;
			buildPhases = (
				BBD12CAB235E2904003AFECA /* Sources */,
				BBD12CAC235E2904003AFECA /* Frameworks */,
				BBD12CAD235E2904003AFECA /* Resources */,
			);
			buildRules = (
			);
			dependencies = (
			);
			name = FoodyFriends;
			productName = FoodyFriends;
			productReference = BBD12CAF235E2904003AFECA /* FoodyFriends.app */;
			productType = "com.apple.product-type.application";
		};
/* End PBXNativeTarget section */

/* Begin PBXProject section */
		BBD12CA7235E2904003AFECA /* Project object */ = {
			isa = PBXProject;
			attributes = {
				LastSwiftUpdateCheck = 1110;
				LastUpgradeCheck = 1110;
				ORGANIZATIONNAME = "Lambda School";
				TargetAttributes = {
					BBD12CAE235E2904003AFECA = {
						CreatedOnToolsVersion = 11.1;
					};
				};
			};
			buildConfigurationList = BBD12CAA235E2904003AFECA /* Build configuration list for PBXProject "FoodyFriends" */;
			compatibilityVersion = "Xcode 9.3";
			developmentRegion = en;
			hasScannedForEncodings = 0;
			knownRegions = (
				en,
				Base,
			);
			mainGroup = BBD12CA6235E2904003AFECA;
			productRefGroup = BBD12CB0235E2904003AFECA /* Products */;
			projectDirPath = "";
			projectRoot = "";
			targets = (
				BBD12CAE235E2904003AFECA /* FoodyFriends */,
			);
		};
/* End PBXProject section */

/* Begin PBXResourcesBuildPhase section */
		BBD12CAD235E2904003AFECA /* Resources */ = {
			isa = PBXResourcesBuildPhase;
			buildActionMask = 2147483647;
			files = (
				BBD12CBF235E2905003AFECA /* LaunchScreen.storyboard in Resources */,
				BBD12CBC235E2905003AFECA /* Assets.xcassets in Resources */,
				BBD12CD42360C621003AFECA /* GroupMembers.storyboard in Resources */,
				BBD12CBA235E2904003AFECA /* Main.storyboard in Resources */,
			);
			runOnlyForDeploymentPostprocessing = 0;
		};
/* End PBXResourcesBuildPhase section */

/* Begin PBXSourcesBuildPhase section */
		BBD12CAB235E2904003AFECA /* Sources */ = {
			isa = PBXSourcesBuildPhase;
			buildActionMask = 2147483647;
			files = (
				BBD12CCA235E3E77003AFECA /* PTEsModel.swift in Sources */,
				BBD12CB7235E2904003AFECA /* MainFoodViewController.swift in Sources */,
				BBD12CC7235E3D67003AFECA /* PTEsTableViewCell.swift in Sources */,
				BBD12CCC235E4540003AFECA /* PTEsDetailViewController.swift in Sources */,
				BBD12CD92360D1A3003AFECA /* GroupMembersTableViewController.swift in Sources */,
				BBD12CD2235E6042003AFECA /* PTEsDatePickerViewController.swift in Sources */,
				BBD12CCE235E4DCD003AFECA /* PTEsModelController.swift in Sources */,
				BB4BC40423625D8C00924616 /* PTEsGroupMembersTableViewCell.swift in Sources */,
				BBD12CE12360D701003AFECA /* MemberTableViewCell.swift in Sources */,
				BBD12CB3235E2904003AFECA /* AppDelegate.swift in Sources */,
				BBD12CDD2360D3B0003AFECA /* GroupMembersModelController.swift in Sources */,
				BBD12CB5235E2904003AFECA /* SceneDelegate.swift in Sources */,
				BBD12CDF2360D440003AFECA /* MemberModel.swift in Sources */,
				BBD12CE32360D863003AFECA /* MemberDetailViewController.swift in Sources */,
			);
			runOnlyForDeploymentPostprocessing = 0;
		};
/* End PBXSourcesBuildPhase section */

/* Begin PBXVariantGroup section */
		BBD12CB8235E2904003AFECA /* Main.storyboard */ = {
			isa = PBXVariantGroup;
			children = (
				BBD12CB9235E2904003AFECA /* Base */,
			);
			name = Main.storyboard;
			sourceTree = "<group>";
		};
		BBD12CBD235E2905003AFECA /* LaunchScreen.storyboard */ = {
			isa = PBXVariantGroup;
			children = (
				BBD12CBE235E2905003AFECA /* Base */,
			);
			name = LaunchScreen.storyboard;
			sourceTree = "<group>";
		};
/* End PBXVariantGroup section */

/* Begin XCBuildConfiguration section */
		BBD12CC1235E2905003AFECA /* Debug */ = {
			isa = XCBuildConfiguration;
			buildSettings = {
				ALWAYS_SEARCH_USER_PATHS = NO;
				CLANG_ANALYZER_NONNULL = YES;
				CLANG_ANALYZER_NUMBER_OBJECT_CONVERSION = YES_AGGRESSIVE;
				CLANG_CXX_LANGUAGE_STANDARD = "gnu++14";
				CLANG_CXX_LIBRARY = "libc++";
				CLANG_ENABLE_MODULES = YES;
				CLANG_ENABLE_OBJC_ARC = YES;
				CLANG_ENABLE_OBJC_WEAK = YES;
				CLANG_WARN_BLOCK_CAPTURE_AUTORELEASING = YES;
				CLANG_WARN_BOOL_CONVERSION = YES;
				CLANG_WARN_COMMA = YES;
				CLANG_WARN_CONSTANT_CONVERSION = YES;
				CLANG_WARN_DEPRECATED_OBJC_IMPLEMENTATIONS = YES;
				CLANG_WARN_DIRECT_OBJC_ISA_USAGE = YES_ERROR;
				CLANG_WARN_DOCUMENTATION_COMMENTS = YES;
				CLANG_WARN_EMPTY_BODY = YES;
				CLANG_WARN_ENUM_CONVERSION = YES;
				CLANG_WARN_INFINITE_RECURSION = YES;
				CLANG_WARN_INT_CONVERSION = YES;
				CLANG_WARN_NON_LITERAL_NULL_CONVERSION = YES;
				CLANG_WARN_OBJC_IMPLICIT_RETAIN_SELF = YES;
				CLANG_WARN_OBJC_LITERAL_CONVERSION = YES;
				CLANG_WARN_OBJC_ROOT_CLASS = YES_ERROR;
				CLANG_WARN_RANGE_LOOP_ANALYSIS = YES;
				CLANG_WARN_STRICT_PROTOTYPES = YES;
				CLANG_WARN_SUSPICIOUS_MOVE = YES;
				CLANG_WARN_UNGUARDED_AVAILABILITY = YES_AGGRESSIVE;
				CLANG_WARN_UNREACHABLE_CODE = YES;
				CLANG_WARN__DUPLICATE_METHOD_MATCH = YES;
				COPY_PHASE_STRIP = NO;
				DEBUG_INFORMATION_FORMAT = dwarf;
				ENABLE_STRICT_OBJC_MSGSEND = YES;
				ENABLE_TESTABILITY = YES;
				GCC_C_LANGUAGE_STANDARD = gnu11;
				GCC_DYNAMIC_NO_PIC = NO;
				GCC_NO_COMMON_BLOCKS = YES;
				GCC_OPTIMIZATION_LEVEL = 0;
				GCC_PREPROCESSOR_DEFINITIONS = (
					"DEBUG=1",
					"$(inherited)",
				);
				GCC_WARN_64_TO_32_BIT_CONVERSION = YES;
				GCC_WARN_ABOUT_RETURN_TYPE = YES_ERROR;
				GCC_WARN_UNDECLARED_SELECTOR = YES;
				GCC_WARN_UNINITIALIZED_AUTOS = YES_AGGRESSIVE;
				GCC_WARN_UNUSED_FUNCTION = YES;
				GCC_WARN_UNUSED_VARIABLE = YES;
				IPHONEOS_DEPLOYMENT_TARGET = 13.1;
				MTL_ENABLE_DEBUG_INFO = INCLUDE_SOURCE;
				MTL_FAST_MATH = YES;
				ONLY_ACTIVE_ARCH = YES;
				SDKROOT = iphoneos;
				SWIFT_ACTIVE_COMPILATION_CONDITIONS = DEBUG;
				SWIFT_OPTIMIZATION_LEVEL = "-Onone";
			};
			name = Debug;
		};
		BBD12CC2235E2905003AFECA /* Release */ = {
			isa = XCBuildConfiguration;
			buildSettings = {
				ALWAYS_SEARCH_USER_PATHS = NO;
				CLANG_ANALYZER_NONNULL = YES;
				CLANG_ANALYZER_NUMBER_OBJECT_CONVERSION = YES_AGGRESSIVE;
				CLANG_CXX_LANGUAGE_STANDARD = "gnu++14";
				CLANG_CXX_LIBRARY = "libc++";
				CLANG_ENABLE_MODULES = YES;
				CLANG_ENABLE_OBJC_ARC = YES;
				CLANG_ENABLE_OBJC_WEAK = YES;
				CLANG_WARN_BLOCK_CAPTURE_AUTORELEASING = YES;
				CLANG_WARN_BOOL_CONVERSION = YES;
				CLANG_WARN_COMMA = YES;
				CLANG_WARN_CONSTANT_CONVERSION = YES;
				CLANG_WARN_DEPRECATED_OBJC_IMPLEMENTATIONS = YES;
				CLANG_WARN_DIRECT_OBJC_ISA_USAGE = YES_ERROR;
				CLANG_WARN_DOCUMENTATION_COMMENTS = YES;
				CLANG_WARN_EMPTY_BODY = YES;
				CLANG_WARN_ENUM_CONVERSION = YES;
				CLANG_WARN_INFINITE_RECURSION = YES;
				CLANG_WARN_INT_CONVERSION = YES;
				CLANG_WARN_NON_LITERAL_NULL_CONVERSION = YES;
				CLANG_WARN_OBJC_IMPLICIT_RETAIN_SELF = YES;
				CLANG_WARN_OBJC_LITERAL_CONVERSION = YES;
				CLANG_WARN_OBJC_ROOT_CLASS = YES_ERROR;
				CLANG_WARN_RANGE_LOOP_ANALYSIS = YES;
				CLANG_WARN_STRICT_PROTOTYPES = YES;
				CLANG_WARN_SUSPICIOUS_MOVE = YES;
				CLANG_WARN_UNGUARDED_AVAILABILITY = YES_AGGRESSIVE;
				CLANG_WARN_UNREACHABLE_CODE = YES;
				CLANG_WARN__DUPLICATE_METHOD_MATCH = YES;
				COPY_PHASE_STRIP = NO;
				DEBUG_INFORMATION_FORMAT = "dwarf-with-dsym";
				ENABLE_NS_ASSERTIONS = NO;
				ENABLE_STRICT_OBJC_MSGSEND = YES;
				GCC_C_LANGUAGE_STANDARD = gnu11;
				GCC_NO_COMMON_BLOCKS = YES;
				GCC_WARN_64_TO_32_BIT_CONVERSION = YES;
				GCC_WARN_ABOUT_RETURN_TYPE = YES_ERROR;
				GCC_WARN_UNDECLARED_SELECTOR = YES;
				GCC_WARN_UNINITIALIZED_AUTOS = YES_AGGRESSIVE;
				GCC_WARN_UNUSED_FUNCTION = YES;
				GCC_WARN_UNUSED_VARIABLE = YES;
				IPHONEOS_DEPLOYMENT_TARGET = 13.1;
				MTL_ENABLE_DEBUG_INFO = NO;
				MTL_FAST_MATH = YES;
				SDKROOT = iphoneos;
				SWIFT_COMPILATION_MODE = wholemodule;
				SWIFT_OPTIMIZATION_LEVEL = "-O";
				VALIDATE_PRODUCT = YES;
			};
			name = Release;
		};
		BBD12CC4235E2905003AFECA /* Debug */ = {
			isa = XCBuildConfiguration;
			buildSettings = {
				ASSETCATALOG_COMPILER_APPICON_NAME = AppIcon;
				CODE_SIGN_STYLE = Automatic;
				INFOPLIST_FILE = FoodyFriends/Info.plist;
				LD_RUNPATH_SEARCH_PATHS = (
					"$(inherited)",
					"@executable_path/Frameworks",
				);
				PRODUCT_BUNDLE_IDENTIFIER = com.lambdaschool.FoodyFriends;
				PRODUCT_NAME = "$(TARGET_NAME)";
				SWIFT_VERSION = 5.0;
				TARGETED_DEVICE_FAMILY = "1,2";
			};
			name = Debug;
		};
		BBD12CC5235E2905003AFECA /* Release */ = {
			isa = XCBuildConfiguration;
			buildSettings = {
				ASSETCATALOG_COMPILER_APPICON_NAME = AppIcon;
				CODE_SIGN_STYLE = Automatic;
				INFOPLIST_FILE = FoodyFriends/Info.plist;
				LD_RUNPATH_SEARCH_PATHS = (
					"$(inherited)",
					"@executable_path/Frameworks",
				);
				PRODUCT_BUNDLE_IDENTIFIER = com.lambdaschool.FoodyFriends;
				PRODUCT_NAME = "$(TARGET_NAME)";
				SWIFT_VERSION = 5.0;
				TARGETED_DEVICE_FAMILY = "1,2";
			};
			name = Release;
		};
/* End XCBuildConfiguration section */

/* Begin XCConfigurationList section */
		BBD12CAA235E2904003AFECA /* Build configuration list for PBXProject "FoodyFriends" */ = {
			isa = XCConfigurationList;
			buildConfigurations = (
				BBD12CC1235E2905003AFECA /* Debug */,
				BBD12CC2235E2905003AFECA /* Release */,
			);
			defaultConfigurationIsVisible = 0;
			defaultConfigurationName = Release;
		};
		BBD12CC3235E2905003AFECA /* Build configuration list for PBXNativeTarget "FoodyFriends" */ = {
			isa = XCConfigurationList;
			buildConfigurations = (
				BBD12CC4235E2905003AFECA /* Debug */,
				BBD12CC5235E2905003AFECA /* Release */,
			);
			defaultConfigurationIsVisible = 0;
			defaultConfigurationName = Release;
		};
/* End XCConfigurationList section */
	};
	rootObject = BBD12CA7235E2904003AFECA /* Project object */;
}
